
Microsoft Visual Studio Solution File, Format Version 12.00
# Visual Studio 15
VisualStudioVersion = 15.0.28307.1401
MinimumVisualStudioVersion = 10.0.40219.1
Project("{FAE04EC0-301F-11D3-BF4B-00C04F79EFBC}") = "PartyInvites", "PartyInvites\PartyInvites.csproj", "{62D4DA5A-32E0-49D3-B6F1-13DAB41197F8}"
EndProject
Project("{FAE04EC0-301F-11D3-BF4B-00C04F79EFBC}") = "WindowsFormsApp2", "WindowsFormsApp2\WindowsFormsApp2.csproj", "{EB528F17-DBBD-4AE4-BE58-F40021366523}"
EndProject
Global
	GlobalSection(SolutionConfigurationPlatforms) = preSolution
		Debug|Any CPU = Debug|Any CPU
		Release|Any CPU = Release|Any CPU
	EndGlobalSection
	GlobalSection(ProjectConfigurationPlatforms) = postSolution
		{62D4DA5A-32E0-49D3-B6F1-13DAB41197F8}.Debug|Any CPU.ActiveCfg = Debug|Any CPU
		{62D4DA5A-32E0-49D3-B6F1-13DAB41197F8}.Debug|Any CPU.Build.0 = Debug|Any CPU
		{62D4DA5A-32E0-49D3-B6F1-13DAB41197F8}.Release|Any CPU.ActiveCfg = Release|Any CPU
		{62D4DA5A-32E0-49D3-B6F1-13DAB41197F8}.Release|Any CPU.Build.0 = Release|Any CPU
		{EB528F17-DBBD-4AE4-BE58-F40021366523}.Debug|Any CPU.ActiveCfg = Debug|Any CPU
		{EB528F17-DBBD-4AE4-BE58-F40021366523}.Debug|Any CPU.Build.0 = Debug|Any CPU
		{EB528F17-DBBD-4AE4-BE58-F40021366523}.Release|Any CPU.ActiveCfg = Release|Any CPU
		{EB528F17-DBBD-4AE4-BE58-F40021366523}.Release|Any CPU.Build.0 = Release|Any CPU
	EndGlobalSection
	GlobalSection(SolutionProperties) = preSolution
		HideSolutionNode = FALSE
	EndGlobalSection
	GlobalSection(ExtensibilityGlobals) = postSolution
		SolutionGuid = {7F1CDC17-DC0B-4D63-8E7B-5F5B84072862}
	EndGlobalSection
EndGlobal
